
Microsoft Visual Studio Solution File, Format Version 12.00
# Visual Studio Version 17
VisualStudioVersion = 17.2.32616.157
MinimumVisualStudioVersion = 10.0.40219.1
Project("{FAE04EC0-301F-11D3-BF4B-00C04F79EFBC}") = "AppCustoViagem.Android", "AppCustoViagem\AppCustoViagem.Android\AppCustoViagem.Android.csproj", "{2290FF15-E9FE-46F3-B70A-3063A6B1EF91}"
EndProject
Project("{FAE04EC0-301F-11D3-BF4B-00C04F79EFBC}") = "AppCustoViagem", "AppCustoViagem\AppCustoViagem\AppCustoViagem.csproj", "{A0D3FD2D-8466-4E04-942C-2C7F7AE86F10}"
EndProject
Global
	GlobalSection(SolutionConfigurationPlatforms) = preSolution
		Debug|Any CPU = Debug|Any CPU
		Release|Any CPU = Release|Any CPU
	EndGlobalSection
	GlobalSection(ProjectConfigurationPlatforms) = postSolution
		{2290FF15-E9FE-46F3-B70A-3063A6B1EF91}.Debug|Any CPU.ActiveCfg = Debug|Any CPU
		{2290FF15-E9FE-46F3-B70A-3063A6B1EF91}.Debug|Any CPU.Build.0 = Debug|Any CPU
		{2290FF15-E9FE-46F3-B70A-3063A6B1EF91}.Debug|Any CPU.Deploy.0 = Debug|Any CPU
		{2290FF15-E9FE-46F3-B70A-3063A6B1EF91}.Release|Any CPU.ActiveCfg = Release|Any CPU
		{2290FF15-E9FE-46F3-B70A-3063A6B1EF91}.Release|Any CPU.Build.0 = Release|Any CPU
		{2290FF15-E9FE-46F3-B70A-3063A6B1EF91}.Release|Any CPU.Deploy.0 = Release|Any CPU
		{A0D3FD2D-8466-4E04-942C-2C7F7AE86F10}.Debug|Any CPU.ActiveCfg = Debug|Any CPU
		{A0D3FD2D-8466-4E04-942C-2C7F7AE86F10}.Debug|Any CPU.Build.0 = Debug|Any CPU
		{A0D3FD2D-8466-4E04-942C-2C7F7AE86F10}.Debug|Any CPU.Deploy.0 = Debug|Any CPU
		{A0D3FD2D-8466-4E04-942C-2C7F7AE86F10}.Release|Any CPU.ActiveCfg = Release|Any CPU
		{A0D3FD2D-8466-4E04-942C-2C7F7AE86F10}.Release|Any CPU.Build.0 = Release|Any CPU
		{A0D3FD2D-8466-4E04-942C-2C7F7AE86F10}.Release|Any CPU.Deploy.0 = Release|Any CPU
	EndGlobalSection
	GlobalSection(SolutionProperties) = preSolution
		HideSolutionNode = FALSE
	EndGlobalSection
	GlobalSection(ExtensibilityGlobals) = postSolution
		SolutionGuid = {B142876F-0BA9-4BEC-A98E-79D279B95228}
	EndGlobalSection
EndGlobal
